<?xml version="1.0" encoding="utf-8"?>
<Project ToolsVersion="4.0" xmlns="http://schemas.microsoft.com/developer/msbuild/2003">
  <ItemGroup>
    <Filter Include="Файлы исходного кода">
      <UniqueIdentifier>{4FC737F1-C7A5-4376-A066-2A32D752A2FF}</UniqueIdentifier>
      <Extensions>cpp;c;cc;cxx;def;odl;idl;hpj;bat;asm;asmx</Extensions>
    </Filter>
    <Filter Include="Заголовочные файлы">
      <UniqueIdentifier>{93995380-89BD-4b04-88EB-625FBE52EBFB}</UniqueIdentifier>
      <Extensions>h;hh;hpp;hxx;hm;inl;inc;xsd</Extensions>
    </Filter>
    <Filter Include="Файлы ресурсов">
      <UniqueIdentifier>{67DA6AB6-F800-4c08-8B7A-83BB121AAD01}</UniqueIdentifier>
      <Extensions>rc;ico;cur;bmp;dlg;rc2;rct;bin;rgs;gif;jpg;jpeg;jpe;resx;tiff;tif;png;wav;mfcribbon-ms</Extensions>
    </Filter>
    <Filter Include="Файлы исходного кода\xml_constructors">
      <UniqueIdentifier>{94d4f17a-b40c-4804-802b-b67e2e949272}</UniqueIdentifier>
    </Filter>
    <Filter Include="Заголовочные файлы\xml_constructors">
      <UniqueIdentifier>{8621bc80-055c-420c-bbdc-efa1cfdf6897}</UniqueIdentifier>
    </Filter>
    <Filter Include="Заголовочные файлы\fsm">
      <UniqueIdentifier>{fe598864-75bd-445b-92bf-8840c79b8543}</UniqueIdentifier>
    </Filter>
    <Filter Include="Заголовочные файлы\out">
      <UniqueIdentifier>{31d7a6c6-e9eb-4073-8619-1bc459d2e8bc}</UniqueIdentifier>
    </Filter>
    <Filter Include="Заголовочные файлы\inner">
      <UniqueIdentifier>{091db199-6c22-4c5e-8ac6-31127c270fae}</UniqueIdentifier>
    </Filter>
    <Filter Include="Файлы исходного кода\fsm">
      <UniqueIdentifier>{6223b5a7-3391-4305-94f8-e72951f09ae6}</UniqueIdentifier>
    </Filter>
    <Filter Include="Файлы исходного кода\inner">
      <UniqueIdentifier>{ad923b9f-f817-47f8-974d-6682b3856a42}</UniqueIdentifier>
    </Filter>
    <Filter Include="Файлы исходного кода\out">
      <UniqueIdentifier>{c6cf2569-d6d0-4fd6-883d-5bc86ddfb1c2}</UniqueIdentifier>
    </Filter>
    <Filter Include="Заголовочные файлы\fsm\states">
      <UniqueIdentifier>{ced8d82b-0280-4cf5-93e8-d22911c6d5db}</UniqueIdentifier>
    </Filter>
    <Filter Include="Файлы исходного кода\fsm\states">
      <UniqueIdentifier>{3c7571e1-2c05-44e4-b92b-0706bfaf11a1}</UniqueIdentifier>
    </Filter>
  </ItemGroup>
  <ItemGroup>
    <Text Include="ReadMe.txt" />
  </ItemGroup>
  <ItemGroup>
    <ClInclude Include="stdafx.h">
      <Filter>Заголовочные файлы</Filter>
    </ClInclude>
    <ClInclude Include="targetver.h">
      <Filter>Заголовочные файлы</Filter>
    </ClInclude>
    <ClInclude Include="char_class.h">
      <Filter>Заголовочные файлы\fsm</Filter>
    </ClInclude>
    <ClInclude Include="stream_fsm.h">
      <Filter>Заголовочные файлы\fsm</Filter>
    </ClInclude>
    <ClInclude Include="transition.h">
      <Filter>Заголовочные файлы\fsm</Filter>
    </ClInclude>
    <ClInclude Include="scanner_facade.h">
      <Filter>Заголовочные файлы\out</Filter>
    </ClInclude>
    <ClInclude Include="scanner_exception.h">
      <Filter>Заголовочные файлы\out</Filter>
    </ClInclude>
    <ClInclude Include="scanner_context.h">
      <Filter>Заголовочные файлы\inner</Filter>
    </ClInclude>
    <ClInclude Include="scanner_common.h">
      <Filter>Заголовочные файлы\inner</Filter>
    </ClInclude>
    <ClInclude Include="xml_helpers.h">
      <Filter>Заголовочные файлы\xml_constructors</Filter>
    </ClInclude>
    <ClInclude Include="pending_lexeme.h">
      <Filter>Заголовочные файлы\fsm</Filter>
    </ClInclude>
    <ClInclude Include="char_state.h">
      <Filter>Заголовочные файлы\fsm\states</Filter>
    </ClInclude>
    <ClInclude Include="state_helper_macro.h">
      <Filter>Заголовочные файлы\fsm\states</Filter>
    </ClInclude>
    <ClInclude Include="state_default.h">
      <Filter>Заголовочные файлы\fsm\states</Filter>
    </ClInclude>
    <ClInclude Include="xml_contructors.h">
      <Filter>Заголовочные файлы\xml_constructors</Filter>
    </ClInclude>
    <ClInclude Include="state_accum.h">
      <Filter>Заголовочные файлы\fsm\states</Filter>
    </ClInclude>
    <ClInclude Include="state_err.h">
      <Filter>Заголовочные файлы\fsm\states</Filter>
    </ClInclude>
  </ItemGroup>
  <ItemGroup>
    <ClCompile Include="stdafx.cpp">
      <Filter>Файлы исходного кода</Filter>
    </ClCompile>
    <ClCompile Include="dllmain.cpp">
      <Filter>Файлы исходного кода</Filter>
    </ClCompile>
    <ClCompile Include="transition.cpp">
      <Filter>Файлы исходного кода\fsm</Filter>
    </ClCompile>
    <ClCompile Include="stream_fsm.cpp">
      <Filter>Файлы исходного кода\fsm</Filter>
    </ClCompile>
    <ClCompile Include="char_class.cpp">
      <Filter>Файлы исходного кода\fsm</Filter>
    </ClCompile>
    <ClCompile Include="scanner_context.cpp">
      <Filter>Файлы исходного кода\inner</Filter>
    </ClCompile>
    <ClCompile Include="scanner_exception.cpp">
      <Filter>Файлы исходного кода\out</Filter>
    </ClCompile>
    <ClCompile Include="scanner_facade.cpp">
      <Filter>Файлы исходного кода\out</Filter>
    </ClCompile>
    <ClCompile Include="xml_helpers.cpp">
      <Filter>Файлы исходного кода\xml_constructors</Filter>
    </ClCompile>
    <ClCompile Include="pending_lexeme.cpp">
      <Filter>Файлы исходного кода\fsm</Filter>
    </ClCompile>
    <ClCompile Include="xml_contructors.cpp">
      <Filter>Файлы исходного кода\xml_constructors</Filter>
    </ClCompile>
    <ClCompile Include="state_default.cpp">
      <Filter>Файлы исходного кода\fsm\states</Filter>
    </ClCompile>
    <ClCompile Include="char_state.cpp">
      <Filter>Файлы исходного кода\fsm\states</Filter>
    </ClCompile>
    <ClCompile Include="state_accum.cpp">
      <Filter>Файлы исходного кода</Filter>
    </ClCompile>
    <ClCompile Include="state_err.cpp">
      <Filter>Файлы исходного кода</Filter>
    </ClCompile>
  </ItemGroup>
</Project>